
Microsoft Visual Studio Solution File, Format Version 12.00
# Visual Studio Version 17
VisualStudioVersion = 17.3.32825.248
MinimumVisualStudioVersion = 10.0.40219.1
Project("{FAE04EC0-301F-11D3-BF4B-00C04F79EFBC}") = "PasswordChecker", "PasswordChecker\PasswordChecker.csproj", "{3132314E-8494-4274-B8BD-E2C351829939}"
EndProject
Global
	GlobalSection(SolutionConfigurationPlatforms) = preSolution
		Debug|Any CPU = Debug|Any CPU
		Release|Any CPU = Release|Any CPU
	EndGlobalSection
	GlobalSection(ProjectConfigurationPlatforms) = postSolution
		{3132314E-8494-4274-B8BD-E2C351829939}.Debug|Any CPU.ActiveCfg = Debug|Any CPU
		{3132314E-8494-4274-B8BD-E2C351829939}.Debug|Any CPU.Build.0 = Debug|Any CPU
		{3132314E-8494-4274-B8BD-E2C351829939}.Release|Any CPU.ActiveCfg = Release|Any CPU
		{3132314E-8494-4274-B8BD-E2C351829939}.Release|Any CPU.Build.0 = Release|Any CPU
	EndGlobalSection
	GlobalSection(SolutionProperties) = preSolution
		HideSolutionNode = FALSE
	EndGlobalSection
	GlobalSection(ExtensibilityGlobals) = postSolution
		SolutionGuid = {C14B4571-4D70-41C8-836C-51E8A839A823}
	EndGlobalSection
EndGlobal
